# This is a Gradle generated file for dependency locking.
# Manual edits can break the build and are not advised.
# This file is expected to be part of source control.
# To regenerate this file, run: ./gradlew :desktopApp:dependencies --write-locks
androidx.annotation:annotation-jvm:1.9.1=compileClasspath,composeHotReloadDevDevRuntimeClasspath,composeHotReloadDevRuntimeClasspath,composeHotReloadDevTestRuntimeClasspath,devCompileClasspath,devRuntimeClasspath,runtimeClasspath,testCompileClasspath,testRuntimeClasspath
androidx.annotation:annotation:1.9.1=compileClasspath,composeHotReloadDevDevRuntimeClasspath,composeHotReloadDevRuntimeClasspath,composeHotReloadDevTestRuntimeClasspath,devCompileClasspath,devRuntimeClasspath,runtimeClasspath,testCompileClasspath,testRuntimeClasspath
androidx.arch.core:core-common:2.2.0=compileClasspath,composeHotReloadDevDevRuntimeClasspath,composeHotReloadDevRuntimeClasspath,composeHotReloadDevTestRuntimeClasspath,devCompileClasspath,devRuntimeClasspath,runtimeClasspath,testCompileClasspath,testRuntimeClasspath
androidx.collection:collection-jvm:1.5.0=compileClasspath,composeHotReloadDevDevRuntimeClasspath,composeHotReloadDevRuntimeClasspath,composeHotReloadDevTestRuntimeClasspath,devCompileClasspath,devRuntimeClasspath,runtimeClasspath,testCompileClasspath,testRuntimeClasspath
androidx.collection:collection:1.5.0=compileClasspath,composeHotReloadDevDevRuntimeClasspath,composeHotReloadDevRuntimeClasspath,composeHotReloadDevTestRuntimeClasspath,devCompileClasspath,devRuntimeClasspath,runtimeClasspath,testCompileClasspath,testRuntimeClasspath
androidx.compose.runtime:runtime-annotation-jvm:1.11.2=compileClasspath,composeHotReloadDevDevRuntimeClasspath,composeHotReloadDevRuntimeClasspath,composeHotReloadDevTestRuntimeClasspath,devCompileClasspath,devRuntimeClasspath,runtimeClasspath,testCompileClasspath,testRuntimeClasspath
androidx.compose.runtime:runtime-annotation:1.11.2=compileClasspath,composeHotReloadDevDevRuntimeClasspath,composeHotReloadDevRuntimeClasspath,composeHotReloadDevTestRuntimeClasspath,devCompileClasspath,devRuntimeClasspath,runtimeClasspath,testCompileClasspath,testRuntimeClasspath
androidx.compose.runtime:runtime-desktop:1.11.2=compileClasspath,composeHotReloadDevDevRuntimeClasspath,composeHotReloadDevRuntimeClasspath,composeHotReloadDevTestRuntimeClasspath,devCompileClasspath,devRuntimeClasspath,runtimeClasspath,testCompileClasspath,testRuntimeClasspath
androidx.compose.runtime:runtime-retain-desktop:1.11.2=compileClasspath,composeHotReloadDevDevRuntimeClasspath,composeHotReloadDevRuntimeClasspath,composeHotReloadDevTestRuntimeClasspath,devCompileClasspath,devRuntimeClasspath,runtimeClasspath,testCompileClasspath,testRuntimeClasspath
androidx.compose.runtime:runtime-retain:1.11.2=compileClasspath,composeHotReloadDevDevRuntimeClasspath,composeHotReloadDevRuntimeClasspath,composeHotReloadDevTestRuntimeClasspath,devCompileClasspath,devRuntimeClasspath,runtimeClasspath,testCompileClasspath,testRuntimeClasspath
androidx.compose.runtime:runtime-saveable-desktop:1.11.2=compileClasspath,composeHotReloadDevDevRuntimeClasspath,composeHotReloadDevRuntimeClasspath,composeHotReloadDevTestRuntimeClasspath,devCompileClasspath,devRuntimeClasspath,runtimeClasspath,testCompileClasspath,testRuntimeClasspath
androidx.compose.runtime:runtime-saveable:1.11.2=compileClasspath,composeHotReloadDevDevRuntimeClasspath,composeHotReloadDevRuntimeClasspath,composeHotReloadDevTestRuntimeClasspath,devCompileClasspath,devRuntimeClasspath,runtimeClasspath,testCompileClasspath,testRuntimeClasspath
androidx.compose.runtime:runtime:1.11.2=compileClasspath,composeHotReloadDevDevRuntimeClasspath,composeHotReloadDevRuntimeClasspath,composeHotReloadDevTestRuntimeClasspath,devCompileClasspath,devRuntimeClasspath,runtimeClasspath,testCompileClasspath,testRuntimeClasspath
androidx.lifecycle:lifecycle-common-jvm:2.10.0=composeHotReloadDevDevRuntimeClasspath,composeHotReloadDevRuntimeClasspath,composeHotReloadDevTestRuntimeClasspath,devRuntimeClasspath,runtimeClasspath,testRuntimeClasspath
androidx.lifecycle:lifecycle-common-jvm:2.9.4=compileClasspath,devCompileClasspath,testCompileClasspath
androidx.lifecycle:lifecycle-common:2.10.0=composeHotReloadDevDevRuntimeClasspath,composeHotReloadDevRuntimeClasspath,composeHotReloadDevTestRuntimeClasspath,devRuntimeClasspath,runtimeClasspath,testRuntimeClasspath
androidx.lifecycle:lifecycle-common:2.9.4=compileClasspath,devCompileClasspath,testCompileClasspath
androidx.lifecycle:lifecycle-runtime-compose-desktop:2.10.0=composeHotReloadDevDevRuntimeClasspath,composeHotReloadDevRuntimeClasspath,composeHotReloadDevTestRuntimeClasspath,devRuntimeClasspath,runtimeClasspath,testRuntimeClasspath
androidx.lifecycle:lifecycle-runtime-compose-desktop:2.9.4=compileClasspath,devCompileClasspath,testCompileClasspath
androidx.lifecycle:lifecycle-runtime-compose:2.10.0=composeHotReloadDevDevRuntimeClasspath,composeHotReloadDevRuntimeClasspath,composeHotReloadDevTestRuntimeClasspath,devRuntimeClasspath,runtimeClasspath,testRuntimeClasspath
androidx.lifecycle:lifecycle-runtime-compose:2.9.4=compileClasspath,devCompileClasspath,testCompileClasspath
androidx.lifecycle:lifecycle-runtime-desktop:2.10.0=composeHotReloadDevDevRuntimeClasspath,composeHotReloadDevRuntimeClasspath,composeHotReloadDevTestRuntimeClasspath,devRuntimeClasspath,runtimeClasspath,testRuntimeClasspath
androidx.lifecycle:lifecycle-runtime-desktop:2.9.4=compileClasspath,devCompileClasspath,testCompileClasspath
androidx.lifecycle:lifecycle-runtime:2.10.0=composeHotReloadDevDevRuntimeClasspath,composeHotReloadDevRuntimeClasspath,composeHotReloadDevTestRuntimeClasspath,devRuntimeClasspath,runtimeClasspath,testRuntimeClasspath
androidx.lifecycle:lifecycle-runtime:2.9.4=compileClasspath,devCompileClasspath,testCompileClasspath
androidx.lifecycle:lifecycle-viewmodel-desktop:2.10.0=composeHotReloadDevDevRuntimeClasspath,composeHotReloadDevRuntimeClasspath,composeHotReloadDevTestRuntimeClasspath,devRuntimeClasspath,runtimeClasspath,testRuntimeClasspath
androidx.lifecycle:lifecycle-viewmodel-savedstate-desktop:2.10.0=composeHotReloadDevDevRuntimeClasspath,composeHotReloadDevRuntimeClasspath,composeHotReloadDevTestRuntimeClasspath,devRuntimeClasspath,runtimeClasspath,testRuntimeClasspath
androidx.lifecycle:lifecycle-viewmodel-savedstate:2.10.0=composeHotReloadDevDevRuntimeClasspath,composeHotReloadDevRuntimeClasspath,composeHotReloadDevTestRuntimeClasspath,devRuntimeClasspath,runtimeClasspath,testRuntimeClasspath
androidx.lifecycle:lifecycle-viewmodel:2.10.0=composeHotReloadDevDevRuntimeClasspath,composeHotReloadDevRuntimeClasspath,composeHotReloadDevTestRuntimeClasspath,devRuntimeClasspath,runtimeClasspath,testRuntimeClasspath
androidx.navigationevent:navigationevent-desktop:1.0.1=composeHotReloadDevDevRuntimeClasspath,composeHotReloadDevRuntimeClasspath,composeHotReloadDevTestRuntimeClasspath,devRuntimeClasspath,runtimeClasspath,testRuntimeClasspath
androidx.navigationevent:navigationevent:1.0.1=composeHotReloadDevDevRuntimeClasspath,composeHotReloadDevRuntimeClasspath,composeHotReloadDevTestRuntimeClasspath,devRuntimeClasspath,runtimeClasspath,testRuntimeClasspath
androidx.room:room-common-jvm:2.8.4=composeHotReloadDevDevRuntimeClasspath,composeHotReloadDevRuntimeClasspath,composeHotReloadDevTestRuntimeClasspath,devRuntimeClasspath,runtimeClasspath,testRuntimeClasspath
androidx.room:room-common:2.8.4=composeHotReloadDevDevRuntimeClasspath,composeHotReloadDevRuntimeClasspath,composeHotReloadDevTestRuntimeClasspath,devRuntimeClasspath,runtimeClasspath,testRuntimeClasspath
androidx.room:room-runtime-jvm:2.8.4=composeHotReloadDevDevRuntimeClasspath,composeHotReloadDevRuntimeClasspath,composeHotReloadDevTestRuntimeClasspath,devRuntimeClasspath,runtimeClasspath,testRuntimeClasspath
androidx.room:room-runtime:2.8.4=composeHotReloadDevDevRuntimeClasspath,composeHotReloadDevRuntimeClasspath,composeHotReloadDevTestRuntimeClasspath,devRuntimeClasspath,runtimeClasspath,testRuntimeClasspath
androidx.savedstate:savedstate-compose-desktop:1.4.0=compileClasspath,composeHotReloadDevDevRuntimeClasspath,composeHotReloadDevRuntimeClasspath,composeHotReloadDevTestRuntimeClasspath,devCompileClasspath,devRuntimeClasspath,runtimeClasspath,testCompileClasspath,testRuntimeClasspath
androidx.savedstate:savedstate-compose:1.4.0=compileClasspath,composeHotReloadDevDevRuntimeClasspath,composeHotReloadDevRuntimeClasspath,composeHotReloadDevTestRuntimeClasspath,devCompileClasspath,devRuntimeClasspath,runtimeClasspath,testCompileClasspath,testRuntimeClasspath
androidx.savedstate:savedstate-desktop:1.4.0=compileClasspath,composeHotReloadDevDevRuntimeClasspath,composeHotReloadDevRuntimeClasspath,composeHotReloadDevTestRuntimeClasspath,devCompileClasspath,devRuntimeClasspath,runtimeClasspath,testCompileClasspath,testRuntimeClasspath
androidx.savedstate:savedstate:1.4.0=compileClasspath,composeHotReloadDevDevRuntimeClasspath,composeHotReloadDevRuntimeClasspath,composeHotReloadDevTestRuntimeClasspath,devCompileClasspath,devRuntimeClasspath,runtimeClasspath,testCompileClasspath,testRuntimeClasspath
androidx.sqlite:sqlite-bundled-jvm:2.6.2=composeHotReloadDevDevRuntimeClasspath,composeHotReloadDevRuntimeClasspath,composeHotReloadDevTestRuntimeClasspath,devRuntimeClasspath,runtimeClasspath,testRuntimeClasspath
androidx.sqlite:sqlite-bundled:2.6.2=composeHotReloadDevDevRuntimeClasspath,composeHotReloadDevRuntimeClasspath,composeHotReloadDevTestRuntimeClasspath,devRuntimeClasspath,runtimeClasspath,testRuntimeClasspath
androidx.sqlite:sqlite-jvm:2.6.2=composeHotReloadDevDevRuntimeClasspath,composeHotReloadDevRuntimeClasspath,composeHotReloadDevTestRuntimeClasspath,devRuntimeClasspath,runtimeClasspath,testRuntimeClasspath
androidx.sqlite:sqlite:2.6.2=composeHotReloadDevDevRuntimeClasspath,composeHotReloadDevRuntimeClasspath,composeHotReloadDevTestRuntimeClasspath,devRuntimeClasspath,runtimeClasspath,testRuntimeClasspath
ch.qos.logback:logback-classic:1.3.14=ktlint
ch.qos.logback:logback-core:1.3.14=ktlint
co.touchlab:stately-concurrency-jvm:2.1.0=composeHotReloadDevDevRuntimeClasspath,composeHotReloadDevRuntimeClasspath,composeHotReloadDevTestRuntimeClasspath,devRuntimeClasspath,runtimeClasspath,testRuntimeClasspath
co.touchlab:stately-concurrency:2.1.0=composeHotReloadDevDevRuntimeClasspath,composeHotReloadDevRuntimeClasspath,composeHotReloadDevTestRuntimeClasspath,devRuntimeClasspath,runtimeClasspath,testRuntimeClasspath
co.touchlab:stately-concurrent-collections-jvm:2.1.0=composeHotReloadDevDevRuntimeClasspath,composeHotReloadDevRuntimeClasspath,composeHotReloadDevTestRuntimeClasspath,devRuntimeClasspath,runtimeClasspath,testRuntimeClasspath
co.touchlab:stately-concurrent-collections:2.1.0=composeHotReloadDevDevRuntimeClasspath,composeHotReloadDevRuntimeClasspath,composeHotReloadDevTestRuntimeClasspath,devRuntimeClasspath,runtimeClasspath,testRuntimeClasspath
co.touchlab:stately-strict-jvm:2.1.0=composeHotReloadDevDevRuntimeClasspath,composeHotReloadDevRuntimeClasspath,composeHotReloadDevTestRuntimeClasspath,devRuntimeClasspath,runtimeClasspath,testRuntimeClasspath
co.touchlab:stately-strict:2.1.0=composeHotReloadDevDevRuntimeClasspath,composeHotReloadDevRuntimeClasspath,composeHotReloadDevTestRuntimeClasspath,devRuntimeClasspath,runtimeClasspath,testRuntimeClasspath
com.github.ajalt.clikt:clikt-jvm:5.0.2=ktlint
com.github.ajalt.clikt:clikt:5.0.2=ktlint
com.google.auto.value:auto-value-annotations:1.6.3=composeHotReloadDevTestRuntimeClasspath,testRuntimeClasspath
com.google.code.findbugs:jsr305:3.0.2=composeHotReloadDevTestRuntimeClasspath,testRuntimeClasspath
com.google.errorprone:error_prone_annotations:2.3.3=composeHotReloadDevTestRuntimeClasspath,testRuntimeClasspath
com.google.guava:failureaccess:1.0.1=composeHotReloadDevTestRuntimeClasspath,testRuntimeClasspath
com.google.guava:guava:28.1-android=composeHotReloadDevTestRuntimeClasspath,testRuntimeClasspath
com.google.guava:listenablefuture:9999.0-empty-to-avoid-conflict-with-guava=composeHotReloadDevTestRuntimeClasspath,testRuntimeClasspath
com.google.j2objc:j2objc-annotations:1.3=composeHotReloadDevTestRuntimeClasspath,testRuntimeClasspath
com.google.truth:truth:1.0.1=composeHotReloadDevTestRuntimeClasspath,testRuntimeClasspath
com.googlecode.java-diff-utils:diffutils:1.3.0=composeHotReloadDevTestRuntimeClasspath,testRuntimeClasspath
com.pinterest.ktlint:ktlint-cli-reporter-baseline:1.5.0=ktlint,ktlintBaselineReporter
com.pinterest.ktlint:ktlint-cli-reporter-checkstyle:1.5.0=ktlint
com.pinterest.ktlint:ktlint-cli-reporter-core:1.5.0=ktlint,ktlintBaselineReporter
com.pinterest.ktlint:ktlint-cli-reporter-format:1.5.0=ktlint
com.pinterest.ktlint:ktlint-cli-reporter-html:1.5.0=ktlint
com.pinterest.ktlint:ktlint-cli-reporter-json:1.5.0=ktlint
com.pinterest.ktlint:ktlint-cli-reporter-plain-summary:1.5.0=ktlint
com.pinterest.ktlint:ktlint-cli-reporter-plain:1.5.0=ktlint
com.pinterest.ktlint:ktlint-cli-reporter-sarif:1.5.0=ktlint
com.pinterest.ktlint:ktlint-cli-ruleset-core:1.5.0=ktlint,ktlintRuleset
com.pinterest.ktlint:ktlint-cli:1.5.0=ktlint
com.pinterest.ktlint:ktlint-logger:1.5.0=ktlint,ktlintBaselineReporter,ktlintRuleset
com.pinterest.ktlint:ktlint-rule-engine-core:1.5.0=ktlint,ktlintBaselineReporter,ktlintRuleset
com.pinterest.ktlint:ktlint-rule-engine:1.5.0=ktlint
com.pinterest.ktlint:ktlint-ruleset-standard:1.5.0=ktlint,ktlintRuleset
dev.drewhamilton.poko:poko-annotations-jvm:0.18.0=ktlint,ktlintBaselineReporter,ktlintRuleset
dev.drewhamilton.poko:poko-annotations:0.18.0=ktlint,ktlintBaselineReporter,ktlintRuleset
io.github.detekt.sarif4k:sarif4k-jvm:0.6.0=ktlint,ktlintReporter
io.github.detekt.sarif4k:sarif4k:0.6.0=ktlint,ktlintReporter
io.github.oshai:kotlin-logging-jvm:7.0.3=ktlint,ktlintBaselineReporter,ktlintReporter,ktlintRuleset
io.github.oshai:kotlin-logging:5.1.0=ktlint,ktlintBaselineReporter,ktlintReporter
io.insert-koin:koin-compose-jvm:4.2.2=composeHotReloadDevDevRuntimeClasspath,composeHotReloadDevRuntimeClasspath,composeHotReloadDevTestRuntimeClasspath,devRuntimeClasspath,runtimeClasspath,testRuntimeClasspath
io.insert-koin:koin-compose-viewmodel-jvm:4.2.2=composeHotReloadDevDevRuntimeClasspath,composeHotReloadDevRuntimeClasspath,composeHotReloadDevTestRuntimeClasspath,devRuntimeClasspath,runtimeClasspath,testRuntimeClasspath
io.insert-koin:koin-compose-viewmodel-navigation-jvm:4.2.2=composeHotReloadDevDevRuntimeClasspath,composeHotReloadDevRuntimeClasspath,composeHotReloadDevTestRuntimeClasspath,devRuntimeClasspath,runtimeClasspath,testRuntimeClasspath
io.insert-koin:koin-compose-viewmodel-navigation:4.2.2=composeHotReloadDevDevRuntimeClasspath,composeHotReloadDevRuntimeClasspath,composeHotReloadDevTestRuntimeClasspath,devRuntimeClasspath,runtimeClasspath,testRuntimeClasspath
io.insert-koin:koin-compose-viewmodel:4.2.2=composeHotReloadDevDevRuntimeClasspath,composeHotReloadDevRuntimeClasspath,composeHotReloadDevTestRuntimeClasspath,devRuntimeClasspath,runtimeClasspath,testRuntimeClasspath
io.insert-koin:koin-compose:4.2.2=composeHotReloadDevDevRuntimeClasspath,composeHotReloadDevRuntimeClasspath,composeHotReloadDevTestRuntimeClasspath,devRuntimeClasspath,runtimeClasspath,testRuntimeClasspath
io.insert-koin:koin-core-annotations-jvm:4.2.2=composeHotReloadDevTestRuntimeClasspath,testCompileClasspath,testRuntimeClasspath
io.insert-koin:koin-core-annotations:4.2.2=composeHotReloadDevTestRuntimeClasspath,testCompileClasspath,testRuntimeClasspath
io.insert-koin:koin-core-jvm:4.2.2=compileClasspath,composeHotReloadDevDevRuntimeClasspath,composeHotReloadDevRuntimeClasspath,composeHotReloadDevTestRuntimeClasspath,devCompileClasspath,devRuntimeClasspath,runtimeClasspath,testCompileClasspath,testRuntimeClasspath
io.insert-koin:koin-core-viewmodel-jvm:4.2.2=composeHotReloadDevDevRuntimeClasspath,composeHotReloadDevRuntimeClasspath,composeHotReloadDevTestRuntimeClasspath,devRuntimeClasspath,runtimeClasspath,testRuntimeClasspath
io.insert-koin:koin-core-viewmodel:4.2.2=composeHotReloadDevDevRuntimeClasspath,composeHotReloadDevRuntimeClasspath,composeHotReloadDevTestRuntimeClasspath,devRuntimeClasspath,runtimeClasspath,testRuntimeClasspath
io.insert-koin:koin-core:4.2.2=compileClasspath,composeHotReloadDevDevRuntimeClasspath,composeHotReloadDevRuntimeClasspath,composeHotReloadDevTestRuntimeClasspath,devCompileClasspath,devRuntimeClasspath,runtimeClasspath,testCompileClasspath,testRuntimeClasspath
io.insert-koin:koin-test-junit4:4.2.2=composeHotReloadDevTestRuntimeClasspath,testCompileClasspath,testRuntimeClasspath
io.insert-koin:koin-test-jvm:4.2.2=composeHotReloadDevTestRuntimeClasspath,testCompileClasspath,testRuntimeClasspath
io.insert-koin:koin-test:4.2.2=composeHotReloadDevTestRuntimeClasspath,testCompileClasspath,testRuntimeClasspath
junit:junit:4.13.2=composeHotReloadDevTestRuntimeClasspath,testCompileClasspath,testRuntimeClasspath
org.checkerframework:checker-compat-qual:2.5.5=composeHotReloadDevTestRuntimeClasspath,testRuntimeClasspath
org.codehaus.mojo:animal-sniffer-annotations:1.18=composeHotReloadDevTestRuntimeClasspath,testRuntimeClasspath
org.ec4j.core:ec4j-core:1.1.0=ktlint,ktlintBaselineReporter,ktlintRuleset
org.hamcrest:hamcrest-core:1.3=composeHotReloadDevTestRuntimeClasspath,testCompileClasspath,testRuntimeClasspath
org.jetbrains.androidx.lifecycle:lifecycle-common:2.10.0=composeHotReloadDevDevRuntimeClasspath,composeHotReloadDevRuntimeClasspath,composeHotReloadDevTestRuntimeClasspath,devRuntimeClasspath,runtimeClasspath,testRuntimeClasspath
org.jetbrains.androidx.lifecycle:lifecycle-common:2.9.6=compileClasspath,devCompileClasspath,testCompileClasspath
org.jetbrains.androidx.lifecycle:lifecycle-runtime-compose-desktop:2.10.0=composeHotReloadDevDevRuntimeClasspath,composeHotReloadDevRuntimeClasspath,composeHotReloadDevTestRuntimeClasspath,devRuntimeClasspath,runtimeClasspath,testRuntimeClasspath
org.jetbrains.androidx.lifecycle:lifecycle-runtime-compose-desktop:2.9.6=compileClasspath,devCompileClasspath,testCompileClasspath
org.jetbrains.androidx.lifecycle:lifecycle-runtime-compose:2.10.0=composeHotReloadDevDevRuntimeClasspath,composeHotReloadDevRuntimeClasspath,composeHotReloadDevTestRuntimeClasspath,devRuntimeClasspath,runtimeClasspath,testRuntimeClasspath
org.jetbrains.androidx.lifecycle:lifecycle-runtime-compose:2.9.6=compileClasspath,devCompileClasspath,testCompileClasspath
org.jetbrains.androidx.lifecycle:lifecycle-runtime:2.10.0=composeHotReloadDevDevRuntimeClasspath,composeHotReloadDevRuntimeClasspath,composeHotReloadDevTestRuntimeClasspath,devRuntimeClasspath,runtimeClasspath,testRuntimeClasspath
org.jetbrains.androidx.lifecycle:lifecycle-runtime:2.9.6=compileClasspath,devCompileClasspath,testCompileClasspath
org.jetbrains.androidx.lifecycle:lifecycle-viewmodel-compose-desktop:2.9.6=composeHotReloadDevDevRuntimeClasspath,composeHotReloadDevRuntimeClasspath,composeHotReloadDevTestRuntimeClasspath,devRuntimeClasspath,runtimeClasspath,testRuntimeClasspath
org.jetbrains.androidx.lifecycle:lifecycle-viewmodel-compose:2.9.6=composeHotReloadDevDevRuntimeClasspath,composeHotReloadDevRuntimeClasspath,composeHotReloadDevTestRuntimeClasspath,devRuntimeClasspath,runtimeClasspath,testRuntimeClasspath
org.jetbrains.androidx.lifecycle:lifecycle-viewmodel-savedstate:2.9.6=composeHotReloadDevDevRuntimeClasspath,composeHotReloadDevRuntimeClasspath,composeHotReloadDevTestRuntimeClasspath,devRuntimeClasspath,runtimeClasspath,testRuntimeClasspath
org.jetbrains.androidx.lifecycle:lifecycle-viewmodel:2.10.0=composeHotReloadDevDevRuntimeClasspath,composeHotReloadDevRuntimeClasspath,composeHotReloadDevTestRuntimeClasspath,devRuntimeClasspath,runtimeClasspath,testRuntimeClasspath
org.jetbrains.androidx.navigation:navigation-common-desktop:2.9.2=composeHotReloadDevDevRuntimeClasspath,composeHotReloadDevRuntimeClasspath,composeHotReloadDevTestRuntimeClasspath,devRuntimeClasspath,runtimeClasspath,testRuntimeClasspath
org.jetbrains.androidx.navigation:navigation-common:2.9.2=composeHotReloadDevDevRuntimeClasspath,composeHotReloadDevRuntimeClasspath,composeHotReloadDevTestRuntimeClasspath,devRuntimeClasspath,runtimeClasspath,testRuntimeClasspath
org.jetbrains.androidx.navigation:navigation-compose-desktop:2.9.2=composeHotReloadDevDevRuntimeClasspath,composeHotReloadDevRuntimeClasspath,composeHotReloadDevTestRuntimeClasspath,devRuntimeClasspath,runtimeClasspath,testRuntimeClasspath
org.jetbrains.androidx.navigation:navigation-compose:2.9.2=composeHotReloadDevDevRuntimeClasspath,composeHotReloadDevRuntimeClasspath,composeHotReloadDevTestRuntimeClasspath,devRuntimeClasspath,runtimeClasspath,testRuntimeClasspath
org.jetbrains.androidx.navigation:navigation-runtime-desktop:2.9.2=composeHotReloadDevDevRuntimeClasspath,composeHotReloadDevRuntimeClasspath,composeHotReloadDevTestRuntimeClasspath,devRuntimeClasspath,runtimeClasspath,testRuntimeClasspath
org.jetbrains.androidx.navigation:navigation-runtime:2.9.2=composeHotReloadDevDevRuntimeClasspath,composeHotReloadDevRuntimeClasspath,composeHotReloadDevTestRuntimeClasspath,devRuntimeClasspath,runtimeClasspath,testRuntimeClasspath
org.jetbrains.androidx.savedstate:savedstate-compose-desktop:1.3.6=compileClasspath,composeHotReloadDevDevRuntimeClasspath,composeHotReloadDevRuntimeClasspath,composeHotReloadDevTestRuntimeClasspath,devCompileClasspath,devRuntimeClasspath,runtimeClasspath,testCompileClasspath,testRuntimeClasspath
org.jetbrains.androidx.savedstate:savedstate-compose:1.3.6=compileClasspath,composeHotReloadDevDevRuntimeClasspath,composeHotReloadDevRuntimeClasspath,composeHotReloadDevTestRuntimeClasspath,devCompileClasspath,devRuntimeClasspath,runtimeClasspath,testCompileClasspath,testRuntimeClasspath
org.jetbrains.androidx.savedstate:savedstate:1.3.6=compileClasspath,composeHotReloadDevDevRuntimeClasspath,composeHotReloadDevRuntimeClasspath,composeHotReloadDevTestRuntimeClasspath,devCompileClasspath,devRuntimeClasspath,runtimeClasspath,testCompileClasspath,testRuntimeClasspath
org.jetbrains.compose.animation:animation-core-desktop:1.11.1=compileClasspath,composeHotReloadDevDevRuntimeClasspath,composeHotReloadDevRuntimeClasspath,composeHotReloadDevTestRuntimeClasspath,devCompileClasspath,devRuntimeClasspath,runtimeClasspath,testCompileClasspath,testRuntimeClasspath
org.jetbrains.compose.animation:animation-core:1.11.1=compileClasspath,composeHotReloadDevDevRuntimeClasspath,composeHotReloadDevRuntimeClasspath,composeHotReloadDevTestRuntimeClasspath,devCompileClasspath,devRuntimeClasspath,runtimeClasspath,testCompileClasspath,testRuntimeClasspath
org.jetbrains.compose.animation:animation-desktop:1.11.1=compileClasspath,composeHotReloadDevDevRuntimeClasspath,composeHotReloadDevRuntimeClasspath,composeHotReloadDevTestRuntimeClasspath,devCompileClasspath,devRuntimeClasspath,runtimeClasspath,testCompileClasspath,testRuntimeClasspath
org.jetbrains.compose.animation:animation:1.11.1=compileClasspath,composeHotReloadDevDevRuntimeClasspath,composeHotReloadDevRuntimeClasspath,composeHotReloadDevTestRuntimeClasspath,devCompileClasspath,devRuntimeClasspath,runtimeClasspath,testCompileClasspath,testRuntimeClasspath
org.jetbrains.compose.annotation-internal:annotation:1.9.1=composeHotReloadDevDevRuntimeClasspath,composeHotReloadDevRuntimeClasspath,composeHotReloadDevTestRuntimeClasspath,devRuntimeClasspath,runtimeClasspath,testRuntimeClasspath
org.jetbrains.compose.collection-internal:collection:1.9.1=composeHotReloadDevDevRuntimeClasspath,composeHotReloadDevRuntimeClasspath,composeHotReloadDevTestRuntimeClasspath,devRuntimeClasspath,runtimeClasspath,testRuntimeClasspath
org.jetbrains.compose.components:components-resources-desktop:1.11.1=composeHotReloadDevDevRuntimeClasspath,composeHotReloadDevRuntimeClasspath,composeHotReloadDevTestRuntimeClasspath,devRuntimeClasspath,runtimeClasspath,testRuntimeClasspath
org.jetbrains.compose.components:components-resources:1.11.1=composeHotReloadDevDevRuntimeClasspath,composeHotReloadDevRuntimeClasspath,composeHotReloadDevTestRuntimeClasspath,devRuntimeClasspath,runtimeClasspath,testRuntimeClasspath
org.jetbrains.compose.desktop:desktop-jvm-macos-arm64:1.11.1=compileClasspath,composeHotReloadDevDevRuntimeClasspath,composeHotReloadDevRuntimeClasspath,composeHotReloadDevTestRuntimeClasspath,devCompileClasspath,devRuntimeClasspath,runtimeClasspath,testCompileClasspath,testRuntimeClasspath
org.jetbrains.compose.desktop:desktop-jvm:1.11.1=compileClasspath,composeHotReloadDevDevRuntimeClasspath,composeHotReloadDevRuntimeClasspath,composeHotReloadDevTestRuntimeClasspath,devCompileClasspath,devRuntimeClasspath,runtimeClasspath,testCompileClasspath,testRuntimeClasspath
org.jetbrains.compose.desktop:desktop:1.11.1=compileClasspath,composeHotReloadDevDevRuntimeClasspath,composeHotReloadDevRuntimeClasspath,composeHotReloadDevTestRuntimeClasspath,devCompileClasspath,devRuntimeClasspath,runtimeClasspath,testCompileClasspath,testRuntimeClasspath
org.jetbrains.compose.foundation:foundation-desktop:1.11.1=compileClasspath,composeHotReloadDevDevRuntimeClasspath,composeHotReloadDevRuntimeClasspath,composeHotReloadDevTestRuntimeClasspath,devCompileClasspath,devRuntimeClasspath,runtimeClasspath,testCompileClasspath,testRuntimeClasspath
org.jetbrains.compose.foundation:foundation-layout-desktop:1.11.1=compileClasspath,composeHotReloadDevDevRuntimeClasspath,composeHotReloadDevRuntimeClasspath,composeHotReloadDevTestRuntimeClasspath,devCompileClasspath,devRuntimeClasspath,runtimeClasspath,testCompileClasspath,testRuntimeClasspath
org.jetbrains.compose.foundation:foundation-layout:1.11.1=compileClasspath,composeHotReloadDevDevRuntimeClasspath,composeHotReloadDevRuntimeClasspath,composeHotReloadDevTestRuntimeClasspath,devCompileClasspath,devRuntimeClasspath,runtimeClasspath,testCompileClasspath,testRuntimeClasspath
org.jetbrains.compose.foundation:foundation:1.11.1=compileClasspath,composeHotReloadDevDevRuntimeClasspath,composeHotReloadDevRuntimeClasspath,composeHotReloadDevTestRuntimeClasspath,devCompileClasspath,devRuntimeClasspath,runtimeClasspath,testCompileClasspath,testRuntimeClasspath
org.jetbrains.compose.hot-reload:hot-reload-annotations-jvm:1.1.1=composeHotReloadDevDevRuntimeClasspath,composeHotReloadDevRuntimeClasspath,composeHotReloadDevTestRuntimeClasspath,composeHotReloadRuntime,devCompileClasspath,devRuntimeClasspath
org.jetbrains.compose.hot-reload:hot-reload-annotations:1.1.1=composeHotReloadDevDevRuntimeClasspath,composeHotReloadDevRuntimeClasspath,composeHotReloadDevTestRuntimeClasspath,composeHotReloadRuntime,devCompileClasspath,devRuntimeClasspath
org.jetbrains.compose.hot-reload:hot-reload-core:1.1.1=composeHotReloadDevDevRuntimeClasspath,composeHotReloadDevRuntimeClasspath,composeHotReloadDevTestRuntimeClasspath,composeHotReloadRuntime
org.jetbrains.compose.hot-reload:hot-reload-devtools-api:1.1.1=composeHotReloadDevDevRuntimeClasspath,composeHotReloadDevRuntimeClasspath,composeHotReloadDevTestRuntimeClasspath,composeHotReloadRuntime
org.jetbrains.compose.hot-reload:hot-reload-orchestration:1.1.1=composeHotReloadDevDevRuntimeClasspath,composeHotReloadDevRuntimeClasspath,composeHotReloadDevTestRuntimeClasspath,composeHotReloadRuntime
org.jetbrains.compose.hot-reload:hot-reload-runtime-api-jvm:1.1.1=composeHotReloadDevDevRuntimeClasspath,devCompileClasspath,devRuntimeClasspath
org.jetbrains.compose.hot-reload:hot-reload-runtime-api:1.1.1=composeHotReloadDevDevRuntimeClasspath,devCompileClasspath,devRuntimeClasspath
org.jetbrains.compose.hot-reload:hot-reload-runtime-jvm:1.1.1=composeHotReloadDevDevRuntimeClasspath,composeHotReloadDevRuntimeClasspath,composeHotReloadDevTestRuntimeClasspath,composeHotReloadRuntime
org.jetbrains.compose.material3:material3-desktop:1.9.0=composeHotReloadDevDevRuntimeClasspath,composeHotReloadDevRuntimeClasspath,composeHotReloadDevTestRuntimeClasspath,devRuntimeClasspath,runtimeClasspath,testRuntimeClasspath
org.jetbrains.compose.material3:material3:1.9.0=composeHotReloadDevDevRuntimeClasspath,composeHotReloadDevRuntimeClasspath,composeHotReloadDevTestRuntimeClasspath,devRuntimeClasspath,runtimeClasspath,testRuntimeClasspath
org.jetbrains.compose.material:material-desktop:1.11.1=compileClasspath,composeHotReloadDevDevRuntimeClasspath,composeHotReloadDevRuntimeClasspath,composeHotReloadDevTestRuntimeClasspath,devCompileClasspath,devRuntimeClasspath,runtimeClasspath,testCompileClasspath,testRuntimeClasspath
org.jetbrains.compose.material:material-ripple-desktop:1.11.1=compileClasspath,composeHotReloadDevDevRuntimeClasspath,composeHotReloadDevRuntimeClasspath,composeHotReloadDevTestRuntimeClasspath,devCompileClasspath,devRuntimeClasspath,runtimeClasspath,testCompileClasspath,testRuntimeClasspath
org.jetbrains.compose.material:material-ripple:1.11.1=compileClasspath,composeHotReloadDevDevRuntimeClasspath,composeHotReloadDevRuntimeClasspath,composeHotReloadDevTestRuntimeClasspath,devCompileClasspath,devRuntimeClasspath,runtimeClasspath,testCompileClasspath,testRuntimeClasspath
org.jetbrains.compose.material:material:1.11.1=compileClasspath,composeHotReloadDevDevRuntimeClasspath,composeHotReloadDevRuntimeClasspath,composeHotReloadDevTestRuntimeClasspath,devCompileClasspath,devRuntimeClasspath,runtimeClasspath,testCompileClasspath,testRuntimeClasspath
org.jetbrains.compose.runtime:runtime-desktop:1.11.1=compileClasspath,composeHotReloadDevDevRuntimeClasspath,composeHotReloadDevRuntimeClasspath,composeHotReloadDevTestRuntimeClasspath,devCompileClasspath,devRuntimeClasspath,runtimeClasspath,testCompileClasspath,testRuntimeClasspath
org.jetbrains.compose.runtime:runtime-saveable-desktop:1.11.1=compileClasspath,composeHotReloadDevDevRuntimeClasspath,composeHotReloadDevRuntimeClasspath,composeHotReloadDevTestRuntimeClasspath,devCompileClasspath,devRuntimeClasspath,runtimeClasspath,testCompileClasspath,testRuntimeClasspath
org.jetbrains.compose.runtime:runtime-saveable:1.11.1=compileClasspath,composeHotReloadDevDevRuntimeClasspath,composeHotReloadDevRuntimeClasspath,composeHotReloadDevTestRuntimeClasspath,devCompileClasspath,devRuntimeClasspath,runtimeClasspath,testCompileClasspath,testRuntimeClasspath
org.jetbrains.compose.runtime:runtime:1.11.1=compileClasspath,composeHotReloadDevDevRuntimeClasspath,composeHotReloadDevRuntimeClasspath,composeHotReloadDevTestRuntimeClasspath,devCompileClasspath,devRuntimeClasspath,runtimeClasspath,testCompileClasspath,testRuntimeClasspath
org.jetbrains.compose.ui:ui-backhandler-desktop:1.11.1=composeHotReloadDevDevRuntimeClasspath,composeHotReloadDevRuntimeClasspath,composeHotReloadDevTestRuntimeClasspath,devRuntimeClasspath,runtimeClasspath,testRuntimeClasspath
org.jetbrains.compose.ui:ui-backhandler:1.11.1=composeHotReloadDevDevRuntimeClasspath,composeHotReloadDevRuntimeClasspath,composeHotReloadDevTestRuntimeClasspath,devRuntimeClasspath,runtimeClasspath,testRuntimeClasspath
org.jetbrains.compose.ui:ui-desktop:1.11.1=compileClasspath,composeHotReloadDevDevRuntimeClasspath,composeHotReloadDevRuntimeClasspath,composeHotReloadDevTestRuntimeClasspath,devCompileClasspath,devRuntimeClasspath,runtimeClasspath,testCompileClasspath,testRuntimeClasspath
org.jetbrains.compose.ui:ui-geometry-desktop:1.11.1=compileClasspath,composeHotReloadDevDevRuntimeClasspath,composeHotReloadDevRuntimeClasspath,composeHotReloadDevTestRuntimeClasspath,devCompileClasspath,devRuntimeClasspath,runtimeClasspath,testCompileClasspath,testRuntimeClasspath
org.jetbrains.compose.ui:ui-geometry:1.11.1=compileClasspath,composeHotReloadDevDevRuntimeClasspath,composeHotReloadDevRuntimeClasspath,composeHotReloadDevTestRuntimeClasspath,devCompileClasspath,devRuntimeClasspath,runtimeClasspath,testCompileClasspath,testRuntimeClasspath
org.jetbrains.compose.ui:ui-graphics-desktop:1.11.1=compileClasspath,composeHotReloadDevDevRuntimeClasspath,composeHotReloadDevRuntimeClasspath,composeHotReloadDevTestRuntimeClasspath,devCompileClasspath,devRuntimeClasspath,runtimeClasspath,testCompileClasspath,testRuntimeClasspath
org.jetbrains.compose.ui:ui-graphics:1.11.1=compileClasspath,composeHotReloadDevDevRuntimeClasspath,composeHotReloadDevRuntimeClasspath,composeHotReloadDevTestRuntimeClasspath,devCompileClasspath,devRuntimeClasspath,runtimeClasspath,testCompileClasspath,testRuntimeClasspath
org.jetbrains.compose.ui:ui-test-desktop:1.11.1=composeHotReloadDevTestRuntimeClasspath,testCompileClasspath,testRuntimeClasspath
org.jetbrains.compose.ui:ui-test-junit4-desktop:1.11.1=composeHotReloadDevTestRuntimeClasspath,testCompileClasspath,testRuntimeClasspath
org.jetbrains.compose.ui:ui-test-junit4:1.11.1=composeHotReloadDevTestRuntimeClasspath,testCompileClasspath,testRuntimeClasspath
org.jetbrains.compose.ui:ui-test:1.11.1=composeHotReloadDevTestRuntimeClasspath,testCompileClasspath,testRuntimeClasspath
org.jetbrains.compose.ui:ui-text-desktop:1.11.1=compileClasspath,composeHotReloadDevDevRuntimeClasspath,composeHotReloadDevRuntimeClasspath,composeHotReloadDevTestRuntimeClasspath,devCompileClasspath,devRuntimeClasspath,runtimeClasspath,testCompileClasspath,testRuntimeClasspath
org.jetbrains.compose.ui:ui-text:1.11.1=compileClasspath,composeHotReloadDevDevRuntimeClasspath,composeHotReloadDevRuntimeClasspath,composeHotReloadDevTestRuntimeClasspath,devCompileClasspath,devRuntimeClasspath,runtimeClasspath,testCompileClasspath,testRuntimeClasspath
org.jetbrains.compose.ui:ui-tooling-preview-desktop:1.11.1=compileClasspath,composeHotReloadDevDevRuntimeClasspath,composeHotReloadDevRuntimeClasspath,composeHotReloadDevTestRuntimeClasspath,devCompileClasspath,devRuntimeClasspath,runtimeClasspath,testCompileClasspath,testRuntimeClasspath
org.jetbrains.compose.ui:ui-tooling-preview:1.11.1=compileClasspath,composeHotReloadDevDevRuntimeClasspath,composeHotReloadDevRuntimeClasspath,composeHotReloadDevTestRuntimeClasspath,devCompileClasspath,devRuntimeClasspath,runtimeClasspath,testCompileClasspath,testRuntimeClasspath
org.jetbrains.compose.ui:ui-unit-desktop:1.11.1=compileClasspath,composeHotReloadDevDevRuntimeClasspath,composeHotReloadDevRuntimeClasspath,composeHotReloadDevTestRuntimeClasspath,devCompileClasspath,devRuntimeClasspath,runtimeClasspath,testCompileClasspath,testRuntimeClasspath
org.jetbrains.compose.ui:ui-unit:1.11.1=compileClasspath,composeHotReloadDevDevRuntimeClasspath,composeHotReloadDevRuntimeClasspath,composeHotReloadDevTestRuntimeClasspath,devCompileClasspath,devRuntimeClasspath,runtimeClasspath,testCompileClasspath,testRuntimeClasspath
org.jetbrains.compose.ui:ui-util-desktop:1.11.1=compileClasspath,composeHotReloadDevDevRuntimeClasspath,composeHotReloadDevRuntimeClasspath,composeHotReloadDevTestRuntimeClasspath,devCompileClasspath,devRuntimeClasspath,runtimeClasspath,testCompileClasspath,testRuntimeClasspath
org.jetbrains.compose.ui:ui-util:1.11.1=compileClasspath,composeHotReloadDevDevRuntimeClasspath,composeHotReloadDevRuntimeClasspath,composeHotReloadDevTestRuntimeClasspath,devCompileClasspath,devRuntimeClasspath,runtimeClasspath,testCompileClasspath,testRuntimeClasspath
org.jetbrains.compose.ui:ui:1.11.1=compileClasspath,composeHotReloadDevDevRuntimeClasspath,composeHotReloadDevRuntimeClasspath,composeHotReloadDevTestRuntimeClasspath,devCompileClasspath,devRuntimeClasspath,runtimeClasspath,testCompileClasspath,testRuntimeClasspath
org.jetbrains.intellij.deps:trove4j:1.0.20200330=ktlint,ktlintBaselineReporter,ktlintRuleset
org.jetbrains.kotlin:kotlin-build-tools-api:2.4.0=kotlinAbiValidationCompatClasspath,kotlinBuildToolsApiClasspath,kotlinCompilerClasspath,kotlinKlibCommonizerClasspath
org.jetbrains.kotlin:kotlin-build-tools-compat:2.4.0=kotlinAbiValidationCompatClasspath,kotlinBuildToolsApiClasspath,kotlinCompilerClasspath
org.jetbrains.kotlin:kotlin-build-tools-cri-impl:2.4.0=kotlinAbiValidationCompatClasspath,kotlinBuildToolsApiClasspath,kotlinCompilerClasspath
org.jetbrains.kotlin:kotlin-build-tools-impl:2.4.0=kotlinAbiValidationCompatClasspath,kotlinBuildToolsApiClasspath,kotlinCompilerClasspath
org.jetbrains.kotlin:kotlin-compiler-embeddable:2.1.0=ktlint,ktlintBaselineReporter,ktlintRuleset
org.jetbrains.kotlin:kotlin-compiler-embeddable:2.4.0=kotlinAbiValidationCompatClasspath,kotlinBuildToolsApiClasspath,kotlinCompilerClasspath,kotlinKlibCommonizerClasspath
org.jetbrains.kotlin:kotlin-compiler-runner:2.4.0=kotlinAbiValidationCompatClasspath,kotlinBuildToolsApiClasspath,kotlinCompilerClasspath
org.jetbrains.kotlin:kotlin-compose-compiler-plugin-embeddable:2.4.0=kotlinCompilerPluginClasspathDev,kotlinCompilerPluginClasspathMain,kotlinCompilerPluginClasspathTest
org.jetbrains.kotlin:kotlin-daemon-client:2.4.0=kotlinAbiValidationCompatClasspath,kotlinBuildToolsApiClasspath,kotlinCompilerClasspath
org.jetbrains.kotlin:kotlin-daemon-embeddable:2.1.0=ktlint,ktlintBaselineReporter,ktlintRuleset
org.jetbrains.kotlin:kotlin-daemon-embeddable:2.4.0=kotlinAbiValidationCompatClasspath,kotlinBuildToolsApiClasspath,kotlinCompilerClasspath,kotlinKlibCommonizerClasspath
org.jetbrains.kotlin:kotlin-klib-commonizer-embeddable:2.4.0=kotlinKlibCommonizerClasspath
org.jetbrains.kotlin:kotlin-reflect:1.6.10=kotlinAbiValidationCompatClasspath,kotlinBuildToolsApiClasspath,kotlinCompilerClasspath,kotlinKlibCommonizerClasspath,ktlint,ktlintBaselineReporter,ktlintRuleset
org.jetbrains.kotlin:kotlin-reflect:2.3.20=composeHotReloadDevTestRuntimeClasspath,testCompileClasspath,testRuntimeClasspath
org.jetbrains.kotlin:kotlin-script-runtime:2.1.0=ktlint,ktlintBaselineReporter,ktlintRuleset
org.jetbrains.kotlin:kotlin-script-runtime:2.4.0=kotlinAbiValidationCompatClasspath,kotlinBuildToolsApiClasspath,kotlinCompilerClasspath,kotlinCompilerPluginClasspathDev,kotlinCompilerPluginClasspathMain,kotlinCompilerPluginClasspathTest,kotlinKlibCommonizerClasspath
org.jetbrains.kotlin:kotlin-scripting-common:2.4.0=kotlinCompilerPluginClasspathDev,kotlinCompilerPluginClasspathMain,kotlinCompilerPluginClasspathTest
org.jetbrains.kotlin:kotlin-scripting-compiler-embeddable:2.4.0=kotlinCompilerPluginClasspathDev,kotlinCompilerPluginClasspathMain,kotlinCompilerPluginClasspathTest
org.jetbrains.kotlin:kotlin-scripting-compiler-impl-embeddable:2.4.0=kotlinCompilerPluginClasspathDev,kotlinCompilerPluginClasspathMain,kotlinCompilerPluginClasspathTest
org.jetbrains.kotlin:kotlin-scripting-jvm:2.4.0=kotlinCompilerPluginClasspathDev,kotlinCompilerPluginClasspathMain,kotlinCompilerPluginClasspathTest
org.jetbrains.kotlin:kotlin-stdlib-common:2.1.0=ktlintReporter
org.jetbrains.kotlin:kotlin-stdlib-jdk7:1.8.0=ktlintReporter
org.jetbrains.kotlin:kotlin-stdlib-jdk8:1.8.0=ktlintReporter
org.jetbrains.kotlin:kotlin-stdlib:2.1.0=ktlint,ktlintBaselineReporter,ktlintReporter,ktlintRuleset
org.jetbrains.kotlin:kotlin-stdlib:2.1.21=composeHotReloadRuntime
org.jetbrains.kotlin:kotlin-stdlib:2.4.0=compileClasspath,composeHotReloadDevDevRuntimeClasspath,composeHotReloadDevRuntimeClasspath,composeHotReloadDevTestRuntimeClasspath,devCompileClasspath,devRuntimeClasspath,kotlinAbiValidationCompatClasspath,kotlinBuildToolsApiClasspath,kotlinCompilerClasspath,kotlinCompilerPluginClasspathDev,kotlinCompilerPluginClasspathMain,kotlinCompilerPluginClasspathTest,kotlinKlibCommonizerClasspath,runtimeClasspath,testCompileClasspath,testRuntimeClasspath
org.jetbrains.kotlin:kotlin-test:2.3.20=composeHotReloadDevTestRuntimeClasspath,testCompileClasspath,testRuntimeClasspath
org.jetbrains.kotlin:kotlin-tooling-core:2.4.0=kotlinAbiValidationCompatClasspath,kotlinBuildToolsApiClasspath,kotlinCompilerClasspath
org.jetbrains.kotlinx:atomicfu-jvm:0.28.0=composeHotReloadDevDevRuntimeClasspath,composeHotReloadDevRuntimeClasspath,composeHotReloadDevTestRuntimeClasspath,devRuntimeClasspath,runtimeClasspath,testRuntimeClasspath
org.jetbrains.kotlinx:atomicfu:0.28.0=composeHotReloadDevDevRuntimeClasspath,composeHotReloadDevRuntimeClasspath,composeHotReloadDevTestRuntimeClasspath,devRuntimeClasspath,runtimeClasspath,testRuntimeClasspath
org.jetbrains.kotlinx:kotlinx-coroutines-bom:1.11.0=compileClasspath,composeHotReloadDevDevRuntimeClasspath,composeHotReloadDevRuntimeClasspath,composeHotReloadDevTestRuntimeClasspath,devCompileClasspath,devRuntimeClasspath,runtimeClasspath,testCompileClasspath,testRuntimeClasspath
org.jetbrains.kotlinx:kotlinx-coroutines-core-jvm:1.11.0=compileClasspath,composeHotReloadDevDevRuntimeClasspath,composeHotReloadDevRuntimeClasspath,composeHotReloadDevTestRuntimeClasspath,devCompileClasspath,devRuntimeClasspath,runtimeClasspath,testCompileClasspath,testRuntimeClasspath
org.jetbrains.kotlinx:kotlinx-coroutines-core-jvm:1.6.4=ktlint,ktlintBaselineReporter,ktlintRuleset
org.jetbrains.kotlinx:kotlinx-coroutines-core-jvm:1.8.0=kotlinAbiValidationCompatClasspath,kotlinBuildToolsApiClasspath,kotlinCompilerClasspath,kotlinKlibCommonizerClasspath
org.jetbrains.kotlinx:kotlinx-coroutines-core:1.11.0=compileClasspath,composeHotReloadDevDevRuntimeClasspath,composeHotReloadDevRuntimeClasspath,composeHotReloadDevTestRuntimeClasspath,devCompileClasspath,devRuntimeClasspath,runtimeClasspath,testCompileClasspath,testRuntimeClasspath
org.jetbrains.kotlinx:kotlinx-coroutines-swing:1.11.0=compileClasspath,composeHotReloadDevDevRuntimeClasspath,composeHotReloadDevRuntimeClasspath,composeHotReloadDevTestRuntimeClasspath,devCompileClasspath,devRuntimeClasspath,runtimeClasspath,testCompileClasspath,testRuntimeClasspath
org.jetbrains.kotlinx:kotlinx-coroutines-test-jvm:1.11.0=composeHotReloadDevTestRuntimeClasspath,testCompileClasspath,testRuntimeClasspath
org.jetbrains.kotlinx:kotlinx-coroutines-test:1.11.0=composeHotReloadDevTestRuntimeClasspath,testCompileClasspath,testRuntimeClasspath
org.jetbrains.kotlinx:kotlinx-datetime-jvm:0.8.0=composeHotReloadDevDevRuntimeClasspath,composeHotReloadDevRuntimeClasspath,composeHotReloadDevTestRuntimeClasspath,devRuntimeClasspath,runtimeClasspath,testRuntimeClasspath
org.jetbrains.kotlinx:kotlinx-datetime:0.8.0=composeHotReloadDevDevRuntimeClasspath,composeHotReloadDevRuntimeClasspath,composeHotReloadDevTestRuntimeClasspath,devRuntimeClasspath,runtimeClasspath,testRuntimeClasspath
org.jetbrains.kotlinx:kotlinx-serialization-bom:1.11.0=composeHotReloadDevDevRuntimeClasspath,composeHotReloadDevRuntimeClasspath,composeHotReloadDevTestRuntimeClasspath,devRuntimeClasspath,runtimeClasspath,testRuntimeClasspath
org.jetbrains.kotlinx:kotlinx-serialization-bom:1.7.3=compileClasspath,devCompileClasspath,testCompileClasspath
org.jetbrains.kotlinx:kotlinx-serialization-core-jvm:1.11.0=composeHotReloadDevDevRuntimeClasspath,composeHotReloadDevRuntimeClasspath,composeHotReloadDevTestRuntimeClasspath,devRuntimeClasspath,runtimeClasspath,testRuntimeClasspath
org.jetbrains.kotlinx:kotlinx-serialization-core-jvm:1.4.1=ktlintReporter
org.jetbrains.kotlinx:kotlinx-serialization-core-jvm:1.7.3=compileClasspath,devCompileClasspath,testCompileClasspath
org.jetbrains.kotlinx:kotlinx-serialization-core:1.11.0=composeHotReloadDevDevRuntimeClasspath,composeHotReloadDevRuntimeClasspath,composeHotReloadDevTestRuntimeClasspath,devRuntimeClasspath,runtimeClasspath,testRuntimeClasspath
org.jetbrains.kotlinx:kotlinx-serialization-core:1.4.1=ktlintReporter
org.jetbrains.kotlinx:kotlinx-serialization-core:1.7.3=compileClasspath,devCompileClasspath,testCompileClasspath
org.jetbrains.kotlinx:kotlinx-serialization-json-jvm:1.11.0=composeHotReloadDevDevRuntimeClasspath,composeHotReloadDevRuntimeClasspath,composeHotReloadDevTestRuntimeClasspath,devRuntimeClasspath,runtimeClasspath,testRuntimeClasspath
org.jetbrains.kotlinx:kotlinx-serialization-json-jvm:1.4.1=ktlintReporter
org.jetbrains.kotlinx:kotlinx-serialization-json:1.11.0=composeHotReloadDevDevRuntimeClasspath,composeHotReloadDevRuntimeClasspath,composeHotReloadDevTestRuntimeClasspath,devRuntimeClasspath,runtimeClasspath,testRuntimeClasspath
org.jetbrains.kotlinx:kotlinx-serialization-json:1.4.1=ktlintReporter
org.jetbrains.kotlinx:kover-jvm-agent:0.9.8=koverJvmAgent,koverJvmReporter
org.jetbrains.runtime:jbr-api:1.9.0=composeHotReloadDevDevRuntimeClasspath,composeHotReloadDevRuntimeClasspath,composeHotReloadDevTestRuntimeClasspath,devRuntimeClasspath,runtimeClasspath,testRuntimeClasspath
org.jetbrains.skiko:skiko-awt-runtime-macos-arm64:0.144.6=composeHotReloadDevDevRuntimeClasspath,composeHotReloadDevRuntimeClasspath,composeHotReloadDevTestRuntimeClasspath,devRuntimeClasspath,runtimeClasspath,testRuntimeClasspath
org.jetbrains.skiko:skiko-awt:0.144.6=compileClasspath,composeHotReloadDevDevRuntimeClasspath,composeHotReloadDevRuntimeClasspath,composeHotReloadDevTestRuntimeClasspath,devCompileClasspath,devRuntimeClasspath,runtimeClasspath,testCompileClasspath,testRuntimeClasspath
org.jetbrains.skiko:skiko:0.144.6=compileClasspath,composeHotReloadDevDevRuntimeClasspath,composeHotReloadDevRuntimeClasspath,composeHotReloadDevTestRuntimeClasspath,devCompileClasspath,devRuntimeClasspath,runtimeClasspath,testCompileClasspath,testRuntimeClasspath
org.jetbrains:annotations:13.0=composeHotReloadRuntime,kotlinAbiValidationCompatClasspath,kotlinBuildToolsApiClasspath,kotlinCompilerClasspath,kotlinCompilerPluginClasspathDev,kotlinCompilerPluginClasspathMain,kotlinCompilerPluginClasspathTest,kotlinKlibCommonizerClasspath,ktlint,ktlintBaselineReporter,ktlintReporter,ktlintRuleset
org.jetbrains:annotations:23.0.0=compileClasspath,composeHotReloadDevDevRuntimeClasspath,composeHotReloadDevRuntimeClasspath,composeHotReloadDevTestRuntimeClasspath,devCompileClasspath,devRuntimeClasspath,runtimeClasspath,testCompileClasspath,testRuntimeClasspath
org.jspecify:jspecify:1.0.0=compileClasspath,composeHotReloadDevDevRuntimeClasspath,composeHotReloadDevRuntimeClasspath,composeHotReloadDevTestRuntimeClasspath,devCompileClasspath,devRuntimeClasspath,runtimeClasspath,testCompileClasspath,testRuntimeClasspath
org.slf4j:slf4j-api:2.0.7=ktlint
empty=annotationProcessor,devAnnotationProcessor,devImplementationDependenciesMetadata,devKotlinScriptDefExtensions,implementationDependenciesMetadata,kotlinCompilerPluginClasspath,kotlinNativeCompilerPluginClasspath,kotlinScriptDefExtensions,koverExternalArtifacts,koverExternalArtifactsJvm,testAnnotationProcessor,testImplementationDependenciesMetadata,testKotlinScriptDefExtensions
